
Microsoft Visual Studio Solution File, Format Version 12.00
Project("{FAE04EC0-301F-11D3-BF4B-00C04F79EFBC}") = "aoc", "aoc\aoc.csproj", "{63F3DAEF-7FF7-43E7-98CD-6445E4278161}"
EndProject
Global
	GlobalSection(SolutionConfigurationPlatforms) = preSolution
		Debug|Any CPU = Debug|Any CPU
		Release|Any CPU = Release|Any CPU
	EndGlobalSection
	GlobalSection(ProjectConfigurationPlatforms) = postSolution
		{63F3DAEF-7FF7-43E7-98CD-6445E4278161}.Debug|Any CPU.ActiveCfg = Debug|Any CPU
		{63F3DAEF-7FF7-43E7-98CD-6445E4278161}.Debug|Any CPU.Build.0 = Debug|Any CPU
		{63F3DAEF-7FF7-43E7-98CD-6445E4278161}.Release|Any CPU.ActiveCfg = Release|Any CPU
		{63F3DAEF-7FF7-43E7-98CD-6445E4278161}.Release|Any CPU.Build.0 = Release|Any CPU
	EndGlobalSection
EndGlobal
